// !$*UTF8*$!
{
	archiveVersion = 1;
	classes = {
	};
	objectVersion = 50;
	objects = {

/* Begin PBXBuildFile section */
		CE028D8723B87EA900EFD1A5 /* HNWPathManager.h in Headers */ = {isa = PBXBuildFile; fileRef = CE028D8523B87EA900EFD1A5 /* HNWPathManager.h */; settings = {ATTRIBUTES = (Public, ); }; };
		CE028D8823B87EA900EFD1A5 /* HNWPathManager.m in Sources */ = {isa = PBXBuildFile; fileRef = CE028D8623B87EA900EFD1A5 /* HNWPathManager.m */; };
		CE028D8B23B887E400EFD1A5 /* HNWPhotoManager.h in Headers */ = {isa = PBXBuildFile; fileRef = CE028D8923B887E400EFD1A5 /* HNWPhotoManager.h */; settings = {ATTRIBUTES = (Public, ); }; };
		CE028D8C23B887E400EFD1A5 /* HNWPhotoManager.m in Sources */ = {isa = PBXBuildFile; fileRef = CE028D8A23B887E400EFD1A5 /* HNWPhotoManager.m */; };
		CE1B90EB23BB5F290005265E /* NSString+HNWKit.h in Headers */ = {isa = PBXBuildFile; fileRef = CE1B90E923BB5F290005265E /* NSString+HNWKit.h */; settings = {ATTRIBUTES = (Public, ); }; };
		CE1B90EC23BB5F290005265E /* NSString+HNWKit.m in Sources */ = {isa = PBXBuildFile; fileRef = CE1B90EA23BB5F290005265E /* NSString+HNWKit.m */; };
		CE1B90EF23BB5F810005265E /* UIColor+HNWKit.h in Headers */ = {isa = PBXBuildFile; fileRef = CE1B90ED23BB5F810005265E /* UIColor+HNWKit.h */; settings = {ATTRIBUTES = (Public, ); }; };
		CE1B90F023BB5F810005265E /* UIColor+HNWKit.m in Sources */ = {isa = PBXBuildFile; fileRef = CE1B90EE23BB5F810005265E /* UIColor+HNWKit.m */; };
		CE1B90F323BB608D0005265E /* UIAlertController+HNWKit.h in Headers */ = {isa = PBXBuildFile; fileRef = CE1B90F123BB608D0005265E /* UIAlertController+HNWKit.h */; settings = {ATTRIBUTES = (Public, ); }; };
		CE1B90F423BB608D0005265E /* UIAlertController+HNWKit.m in Sources */ = {isa = PBXBuildFile; fileRef = CE1B90F223BB608D0005265E /* UIAlertController+HNWKit.m */; };
		CE1B90F723BB61630005265E /* UIView+HNWKit.h in Headers */ = {isa = PBXBuildFile; fileRef = CE1B90F523BB61630005265E /* UIView+HNWKit.h */; settings = {ATTRIBUTES = (Public, ); }; };
		CE1B90F823BB61630005265E /* UIView+HNWKit.m in Sources */ = {isa = PBXBuildFile; fileRef = CE1B90F623BB61630005265E /* UIView+HNWKit.m */; };
		CE1B90FB23BB75D90005265E /* UIViewController+HNWNibLoading.h in Headers */ = {isa = PBXBuildFile; fileRef = CE1B90F923BB75D90005265E /* UIViewController+HNWNibLoading.h */; settings = {ATTRIBUTES = (Public, ); }; };
		CE1B90FC23BB75D90005265E /* UIViewController+HNWNibLoading.m in Sources */ = {isa = PBXBuildFile; fileRef = CE1B90FA23BB75D90005265E /* UIViewController+HNWNibLoading.m */; };
		CE1B90FF23BB7A320005265E /* UIView+HNWNibLoading.h in Headers */ = {isa = PBXBuildFile; fileRef = CE1B90FD23BB7A320005265E /* UIView+HNWNibLoading.h */; settings = {ATTRIBUTES = (Public, ); }; };
		CE1B910023BB7A320005265E /* UIView+HNWNibLoading.m in Sources */ = {isa = PBXBuildFile; fileRef = CE1B90FE23BB7A320005265E /* UIView+HNWNibLoading.m */; };
		CE1F890623B8BCDF00FC7126 /* HNWDevice.h in Headers */ = {isa = PBXBuildFile; fileRef = CE1F890423B8BCDF00FC7126 /* HNWDevice.h */; settings = {ATTRIBUTES = (Public, ); }; };
		CE1F890723B8BCDF00FC7126 /* HNWDevice.m in Sources */ = {isa = PBXBuildFile; fileRef = CE1F890523B8BCDF00FC7126 /* HNWDevice.m */; };
		CE2E42AA23B78AA50064025B /* NSData+HNWGZIP.h in Headers */ = {isa = PBXBuildFile; fileRef = CE2E42A823B78AA50064025B /* NSData+HNWGZIP.h */; settings = {ATTRIBUTES = (Public, ); }; };
		CE2E42AB23B78AA50064025B /* NSData+HNWGZIP.m in Sources */ = {isa = PBXBuildFile; fileRef = CE2E42A923B78AA50064025B /* NSData+HNWGZIP.m */; };
		CE2E42B223B792540064025B /* HNWDateManager.h in Headers */ = {isa = PBXBuildFile; fileRef = CE2E42B023B792540064025B /* HNWDateManager.h */; settings = {ATTRIBUTES = (Public, ); }; };
		CE2E42B323B792540064025B /* HNWDateManager.m in Sources */ = {isa = PBXBuildFile; fileRef = CE2E42B123B792540064025B /* HNWDateManager.m */; };
		CE67654D23C1BC7F0094793D /* HNWGuidePageBrowser.h in Headers */ = {isa = PBXBuildFile; fileRef = CE67654B23C1BC7F0094793D /* HNWGuidePageBrowser.h */; settings = {ATTRIBUTES = (Public, ); }; };
		CE67654E23C1BC7F0094793D /* HNWGuidePageBrowser.m in Sources */ = {isa = PBXBuildFile; fileRef = CE67654C23C1BC7F0094793D /* HNWGuidePageBrowser.m */; };
		CE67655523C1C7720094793D /* UIImage+HNWKit.h in Headers */ = {isa = PBXBuildFile; fileRef = CE67655323C1C7720094793D /* UIImage+HNWKit.h */; settings = {ATTRIBUTES = (Public, ); }; };
		CE67655623C1C7720094793D /* UIImage+HNWKit.m in Sources */ = {isa = PBXBuildFile; fileRef = CE67655423C1C7720094793D /* UIImage+HNWKit.m */; };
		CE67655A23C1CE390094793D /* HNWGuidePageViewController.h in Headers */ = {isa = PBXBuildFile; fileRef = CE67655723C1CE390094793D /* HNWGuidePageViewController.h */; settings = {ATTRIBUTES = (Public, ); }; };
		CE67655B23C1CE390094793D /* HNWGuidePageViewController.m in Sources */ = {isa = PBXBuildFile; fileRef = CE67655823C1CE390094793D /* HNWGuidePageViewController.m */; };
		CE67655C23C1CE390094793D /* HNWGuidePageViewController.xib in Resources */ = {isa = PBXBuildFile; fileRef = CE67655923C1CE390094793D /* HNWGuidePageViewController.xib */; };
		CE6BFFCF23B2300E0049BDF2 /* HNWKit.framework in Frameworks */ = {isa = PBXBuildFile; fileRef = CE6BFFC523B2300D0049BDF2 /* HNWKit.framework */; };
		CE6BFFD423B2300E0049BDF2 /* HNWKitTests.m in Sources */ = {isa = PBXBuildFile; fileRef = CE6BFFD323B2300E0049BDF2 /* HNWKitTests.m */; };
		CE6BFFD623B2300E0049BDF2 /* HNWKit.h in Headers */ = {isa = PBXBuildFile; fileRef = CE6BFFC823B2300D0049BDF2 /* HNWKit.h */; settings = {ATTRIBUTES = (Public, ); }; };
		CE6BFFE423B231820049BDF2 /* HNWKitDefines.h in Headers */ = {isa = PBXBuildFile; fileRef = CE6BFFE323B231820049BDF2 /* HNWKitDefines.h */; settings = {ATTRIBUTES = (Public, ); }; };
		CE6BFFE923B2347A0049BDF2 /* HNWAssertNotEmpty.h in Headers */ = {isa = PBXBuildFile; fileRef = CE6BFFE723B2347A0049BDF2 /* HNWAssertNotEmpty.h */; settings = {ATTRIBUTES = (Public, ); }; };
		CE6BFFEA23B2347A0049BDF2 /* HNWAssertNotEmpty.m in Sources */ = {isa = PBXBuildFile; fileRef = CE6BFFE823B2347A0049BDF2 /* HNWAssertNotEmpty.m */; };
		CE6DC0A823B38E62006FE9EB /* HNWTabMenuItemBadgeProviders.m in Sources */ = {isa = PBXBuildFile; fileRef = CE6DC09C23B38E62006FE9EB /* HNWTabMenuItemBadgeProviders.m */; };
		CE6DC0A923B38E62006FE9EB /* HNWTabMenuView.h in Headers */ = {isa = PBXBuildFile; fileRef = CE6DC09D23B38E62006FE9EB /* HNWTabMenuView.h */; settings = {ATTRIBUTES = (Public, ); }; };
		CE6DC0AA23B38E62006FE9EB /* HNWTabMenuViewCollectionViewCell.h in Headers */ = {isa = PBXBuildFile; fileRef = CE6DC09E23B38E62006FE9EB /* HNWTabMenuViewCollectionViewCell.h */; };
		CE6DC0AB23B38E62006FE9EB /* HNWLayoutConstraintConstructor.m in Sources */ = {isa = PBXBuildFile; fileRef = CE6DC09F23B38E62006FE9EB /* HNWLayoutConstraintConstructor.m */; };
		CE6DC0AC23B38E62006FE9EB /* HNWTabMenuViewItem.h in Headers */ = {isa = PBXBuildFile; fileRef = CE6DC0A023B38E62006FE9EB /* HNWTabMenuViewItem.h */; };
		CE6DC0AD23B38E62006FE9EB /* HNWTabMenuViewConfiguration.h in Headers */ = {isa = PBXBuildFile; fileRef = CE6DC0A123B38E62006FE9EB /* HNWTabMenuViewConfiguration.h */; settings = {ATTRIBUTES = (Public, ); }; };
		CE6DC0AE23B38E62006FE9EB /* HNWTabMenuItemBadgeProviders.h in Headers */ = {isa = PBXBuildFile; fileRef = CE6DC0A223B38E62006FE9EB /* HNWTabMenuItemBadgeProviders.h */; settings = {ATTRIBUTES = (Public, ); }; };
		CE6DC0AF23B38E62006FE9EB /* HNWTabMenuViewCollectionViewCell.m in Sources */ = {isa = PBXBuildFile; fileRef = CE6DC0A323B38E62006FE9EB /* HNWTabMenuViewCollectionViewCell.m */; };
		CE6DC0B023B38E62006FE9EB /* HNWTabMenuView.m in Sources */ = {isa = PBXBuildFile; fileRef = CE6DC0A423B38E62006FE9EB /* HNWTabMenuView.m */; };
		CE6DC0B123B38E62006FE9EB /* HNWLayoutConstraintConstructor.h in Headers */ = {isa = PBXBuildFile; fileRef = CE6DC0A523B38E62006FE9EB /* HNWLayoutConstraintConstructor.h */; settings = {ATTRIBUTES = (Public, ); }; };
		CE6DC0B223B38E62006FE9EB /* HNWTabMenuViewItem.m in Sources */ = {isa = PBXBuildFile; fileRef = CE6DC0A623B38E62006FE9EB /* HNWTabMenuViewItem.m */; };
		CE6DC0B323B38E62006FE9EB /* HNWTabMenuViewConfiguration.m in Sources */ = {isa = PBXBuildFile; fileRef = CE6DC0A723B38E62006FE9EB /* HNWTabMenuViewConfiguration.m */; };
		CE70277823B4D46E002CB592 /* HNWWeakTimer.h in Headers */ = {isa = PBXBuildFile; fileRef = CE70277623B4D46E002CB592 /* HNWWeakTimer.h */; settings = {ATTRIBUTES = (Public, ); }; };
		CE70277923B4D46E002CB592 /* HNWWeakTimer.m in Sources */ = {isa = PBXBuildFile; fileRef = CE70277723B4D46E002CB592 /* HNWWeakTimer.m */; };
		CE779EDB23B72F3F00B85822 /* HNWAppMonitor.h in Headers */ = {isa = PBXBuildFile; fileRef = CE779ED923B72F3F00B85822 /* HNWAppMonitor.h */; settings = {ATTRIBUTES = (Public, ); }; };
		CE779EDC23B72F3F00B85822 /* HNWAppMonitor.m in Sources */ = {isa = PBXBuildFile; fileRef = CE779EDA23B72F3F00B85822 /* HNWAppMonitor.m */; };
		CE779EDF23B7440B00B85822 /* HNWKeyboardMonitor.h in Headers */ = {isa = PBXBuildFile; fileRef = CE779EDD23B7440B00B85822 /* HNWKeyboardMonitor.h */; settings = {ATTRIBUTES = (Public, ); }; };
		CE779EE023B7440B00B85822 /* HNWKeyboardMonitor.m in Sources */ = {isa = PBXBuildFile; fileRef = CE779EDE23B7440B00B85822 /* HNWKeyboardMonitor.m */; };
/* End PBXBuildFile section */

/* Begin PBXContainerItemProxy section */
		CE6BFFD023B2300E0049BDF2 /* PBXContainerItemProxy */ = {
			isa = PBXContainerItemProxy;
			containerPortal = CE6BFFBC23B2300D0049BDF2 /* Project object */;
			proxyType = 1;
			remoteGlobalIDString = CE6BFFC423B2300D0049BDF2;
			remoteInfo = HNWKit;
		};
/* End PBXContainerItemProxy section */

/* Begin PBXFileReference section */
		CE028D8523B87EA900EFD1A5 /* HNWPathManager.h */ = {isa = PBXFileReference; lastKnownFileType = sourcecode.c.h; path = HNWPathManager.h; sourceTree = "<group>"; };
		CE028D8623B87EA900EFD1A5 /* HNWPathManager.m */ = {isa = PBXFileReference; lastKnownFileType = sourcecode.c.objc; path = HNWPathManager.m; sourceTree = "<group>"; };
		CE028D8923B887E400EFD1A5 /* HNWPhotoManager.h */ = {isa = PBXFileReference; lastKnownFileType = sourcecode.c.h; path = HNWPhotoManager.h; sourceTree = "<group>"; };
		CE028D8A23B887E400EFD1A5 /* HNWPhotoManager.m */ = {isa = PBXFileReference; lastKnownFileType = sourcecode.c.objc; path = HNWPhotoManager.m; sourceTree = "<group>"; };
		CE1B90E923BB5F290005265E /* NSString+HNWKit.h */ = {isa = PBXFileReference; lastKnownFileType = sourcecode.c.h; path = "NSString+HNWKit.h"; sourceTree = "<group>"; };
		CE1B90EA23BB5F290005265E /* NSString+HNWKit.m */ = {isa = PBXFileReference; lastKnownFileType = sourcecode.c.objc; path = "NSString+HNWKit.m"; sourceTree = "<group>"; };
		CE1B90ED23BB5F810005265E /* UIColor+HNWKit.h */ = {isa = PBXFileReference; lastKnownFileType = sourcecode.c.h; path = "UIColor+HNWKit.h"; sourceTree = "<group>"; };
		CE1B90EE23BB5F810005265E /* UIColor+HNWKit.m */ = {isa = PBXFileReference; lastKnownFileType = sourcecode.c.objc; path = "UIColor+HNWKit.m"; sourceTree = "<group>"; };
		CE1B90F123BB608D0005265E /* UIAlertController+HNWKit.h */ = {isa = PBXFileReference; lastKnownFileType = sourcecode.c.h; path = "UIAlertController+HNWKit.h"; sourceTree = "<group>"; };
		CE1B90F223BB608D0005265E /* UIAlertController+HNWKit.m */ = {isa = PBXFileReference; lastKnownFileType = sourcecode.c.objc; path = "UIAlertController+HNWKit.m"; sourceTree = "<group>"; };
		CE1B90F523BB61630005265E /* UIView+HNWKit.h */ = {isa = PBXFileReference; lastKnownFileType = sourcecode.c.h; path = "UIView+HNWKit.h"; sourceTree = "<group>"; };
		CE1B90F623BB61630005265E /* UIView+HNWKit.m */ = {isa = PBXFileReference; lastKnownFileType = sourcecode.c.objc; path = "UIView+HNWKit.m"; sourceTree = "<group>"; };
		CE1B90F923BB75D90005265E /* UIViewController+HNWNibLoading.h */ = {isa = PBXFileReference; lastKnownFileType = sourcecode.c.h; path = "UIViewController+HNWNibLoading.h"; sourceTree = "<group>"; };
		CE1B90FA23BB75D90005265E /* UIViewController+HNWNibLoading.m */ = {isa = PBXFileReference; lastKnownFileType = sourcecode.c.objc; path = "UIViewController+HNWNibLoading.m"; sourceTree = "<group>"; };
		CE1B90FD23BB7A320005265E /* UIView+HNWNibLoading.h */ = {isa = PBXFileReference; lastKnownFileType = sourcecode.c.h; path = "UIView+HNWNibLoading.h"; sourceTree = "<group>"; };
		CE1B90FE23BB7A320005265E /* UIView+HNWNibLoading.m */ = {isa = PBXFileReference; lastKnownFileType = sourcecode.c.objc; path = "UIView+HNWNibLoading.m"; sourceTree = "<group>"; };
		CE1F890423B8BCDF00FC7126 /* HNWDevice.h */ = {isa = PBXFileReference; lastKnownFileType = sourcecode.c.h; path = HNWDevice.h; sourceTree = "<group>"; };
		CE1F890523B8BCDF00FC7126 /* HNWDevice.m */ = {isa = PBXFileReference; lastKnownFileType = sourcecode.c.objc; path = HNWDevice.m; sourceTree = "<group>"; };
		CE2E42A823B78AA50064025B /* NSData+HNWGZIP.h */ = {isa = PBXFileReference; lastKnownFileType = sourcecode.c.h; path = "NSData+HNWGZIP.h"; sourceTree = "<group>"; };
		CE2E42A923B78AA50064025B /* NSData+HNWGZIP.m */ = {isa = PBXFileReference; lastKnownFileType = sourcecode.c.objc; path = "NSData+HNWGZIP.m"; sourceTree = "<group>"; };
		CE2E42B023B792540064025B /* HNWDateManager.h */ = {isa = PBXFileReference; lastKnownFileType = sourcecode.c.h; path = HNWDateManager.h; sourceTree = "<group>"; };
		CE2E42B123B792540064025B /* HNWDateManager.m */ = {isa = PBXFileReference; lastKnownFileType = sourcecode.c.objc; path = HNWDateManager.m; sourceTree = "<group>"; };
		CE67654B23C1BC7F0094793D /* HNWGuidePageBrowser.h */ = {isa = PBXFileReference; lastKnownFileType = sourcecode.c.h; path = HNWGuidePageBrowser.h; sourceTree = "<group>"; };
		CE67654C23C1BC7F0094793D /* HNWGuidePageBrowser.m */ = {isa = PBXFileReference; lastKnownFileType = sourcecode.c.objc; path = HNWGuidePageBrowser.m; sourceTree = "<group>"; };
		CE67655323C1C7720094793D /* UIImage+HNWKit.h */ = {isa = PBXFileReference; lastKnownFileType = sourcecode.c.h; path = "UIImage+HNWKit.h"; sourceTree = "<group>"; };
		CE67655423C1C7720094793D /* UIImage+HNWKit.m */ = {isa = PBXFileReference; lastKnownFileType = sourcecode.c.objc; path = "UIImage+HNWKit.m"; sourceTree = "<group>"; };
		CE67655723C1CE390094793D /* HNWGuidePageViewController.h */ = {isa = PBXFileReference; lastKnownFileType = sourcecode.c.h; path = HNWGuidePageViewController.h; sourceTree = "<group>"; };
		CE67655823C1CE390094793D /* HNWGuidePageViewController.m */ = {isa = PBXFileReference; lastKnownFileType = sourcecode.c.objc; path = HNWGuidePageViewController.m; sourceTree = "<group>"; };
		CE67655923C1CE390094793D /* HNWGuidePageViewController.xib */ = {isa = PBXFileReference; lastKnownFileType = file.xib; path = HNWGuidePageViewController.xib; sourceTree = "<group>"; };
		CE6BFFC523B2300D0049BDF2 /* HNWKit.framework */ = {isa = PBXFileReference; explicitFileType = wrapper.framework; includeInIndex = 0; path = HNWKit.framework; sourceTree = BUILT_PRODUCTS_DIR; };
		CE6BFFC823B2300D0049BDF2 /* HNWKit.h */ = {isa = PBXFileReference; lastKnownFileType = sourcecode.c.h; path = HNWKit.h; sourceTree = "<group>"; };
		CE6BFFC923B2300E0049BDF2 /* Info.plist */ = {isa = PBXFileReference; lastKnownFileType = text.plist.xml; path = Info.plist; sourceTree = "<group>"; };
		CE6BFFCE23B2300E0049BDF2 /* HNWKitTests.xctest */ = {isa = PBXFileReference; explicitFileType = wrapper.cfbundle; includeInIndex = 0; path = HNWKitTests.xctest; sourceTree = BUILT_PRODUCTS_DIR; };
		CE6BFFD323B2300E0049BDF2 /* HNWKitTests.m */ = {isa = PBXFileReference; lastKnownFileType = sourcecode.c.objc; path = HNWKitTests.m; sourceTree = "<group>"; };
		CE6BFFD523B2300E0049BDF2 /* Info.plist */ = {isa = PBXFileReference; lastKnownFileType = text.plist.xml; path = Info.plist; sourceTree = "<group>"; };
		CE6BFFE323B231820049BDF2 /* HNWKitDefines.h */ = {isa = PBXFileReference; lastKnownFileType = sourcecode.c.h; path = HNWKitDefines.h; sourceTree = "<group>"; };
		CE6BFFE723B2347A0049BDF2 /* HNWAssertNotEmpty.h */ = {isa = PBXFileReference; lastKnownFileType = sourcecode.c.h; path = HNWAssertNotEmpty.h; sourceTree = "<group>"; };
		CE6BFFE823B2347A0049BDF2 /* HNWAssertNotEmpty.m */ = {isa = PBXFileReference; lastKnownFileType = sourcecode.c.objc; path = HNWAssertNotEmpty.m; sourceTree = "<group>"; };
		CE6DC09C23B38E62006FE9EB /* HNWTabMenuItemBadgeProviders.m */ = {isa = PBXFileReference; fileEncoding = 4; lastKnownFileType = sourcecode.c.objc; path = HNWTabMenuItemBadgeProviders.m; sourceTree = "<group>"; };
		CE6DC09D23B38E62006FE9EB /* HNWTabMenuView.h */ = {isa = PBXFileReference; fileEncoding = 4; lastKnownFileType = sourcecode.c.h; path = HNWTabMenuView.h; sourceTree = "<group>"; };
		CE6DC09E23B38E62006FE9EB /* HNWTabMenuViewCollectionViewCell.h */ = {isa = PBXFileReference; fileEncoding = 4; lastKnownFileType = sourcecode.c.h; path = HNWTabMenuViewCollectionViewCell.h; sourceTree = "<group>"; };
		CE6DC09F23B38E62006FE9EB /* HNWLayoutConstraintConstructor.m */ = {isa = PBXFileReference; fileEncoding = 4; lastKnownFileType = sourcecode.c.objc; path = HNWLayoutConstraintConstructor.m; sourceTree = "<group>"; };
		CE6DC0A023B38E62006FE9EB /* HNWTabMenuViewItem.h */ = {isa = PBXFileReference; fileEncoding = 4; lastKnownFileType = sourcecode.c.h; path = HNWTabMenuViewItem.h; sourceTree = "<group>"; };
		CE6DC0A123B38E62006FE9EB /* HNWTabMenuViewConfiguration.h */ = {isa = PBXFileReference; fileEncoding = 4; lastKnownFileType = sourcecode.c.h; path = HNWTabMenuViewConfiguration.h; sourceTree = "<group>"; };
		CE6DC0A223B38E62006FE9EB /* HNWTabMenuItemBadgeProviders.h */ = {isa = PBXFileReference; fileEncoding = 4; lastKnownFileType = sourcecode.c.h; path = HNWTabMenuItemBadgeProviders.h; sourceTree = "<group>"; };
		CE6DC0A323B38E62006FE9EB /* HNWTabMenuViewCollectionViewCell.m */ = {isa = PBXFileReference; fileEncoding = 4; lastKnownFileType = sourcecode.c.objc; path = HNWTabMenuViewCollectionViewCell.m; sourceTree = "<group>"; };
		CE6DC0A423B38E62006FE9EB /* HNWTabMenuView.m */ = {isa = PBXFileReference; fileEncoding = 4; lastKnownFileType = sourcecode.c.objc; path = HNWTabMenuView.m; sourceTree = "<group>"; };
		CE6DC0A523B38E62006FE9EB /* HNWLayoutConstraintConstructor.h */ = {isa = PBXFileReference; fileEncoding = 4; lastKnownFileType = sourcecode.c.h; path = HNWLayoutConstraintConstructor.h; sourceTree = "<group>"; };
		CE6DC0A623B38E62006FE9EB /* HNWTabMenuViewItem.m */ = {isa = PBXFileReference; fileEncoding = 4; lastKnownFileType = sourcecode.c.objc; path = HNWTabMenuViewItem.m; sourceTree = "<group>"; };
		CE6DC0A723B38E62006FE9EB /* HNWTabMenuViewConfiguration.m */ = {isa = PBXFileReference; fileEncoding = 4; lastKnownFileType = sourcecode.c.objc; path = HNWTabMenuViewConfiguration.m; sourceTree = "<group>"; };
		CE70277623B4D46E002CB592 /* HNWWeakTimer.h */ = {isa = PBXFileReference; lastKnownFileType = sourcecode.c.h; path = HNWWeakTimer.h; sourceTree = "<group>"; };
		CE70277723B4D46E002CB592 /* HNWWeakTimer.m */ = {isa = PBXFileReference; lastKnownFileType = sourcecode.c.objc; path = HNWWeakTimer.m; sourceTree = "<group>"; };
		CE779ED923B72F3F00B85822 /* HNWAppMonitor.h */ = {isa = PBXFileReference; lastKnownFileType = sourcecode.c.h; path = HNWAppMonitor.h; sourceTree = "<group>"; };
		CE779EDA23B72F3F00B85822 /* HNWAppMonitor.m */ = {isa = PBXFileReference; lastKnownFileType = sourcecode.c.objc; path = HNWAppMonitor.m; sourceTree = "<group>"; };
		CE779EDD23B7440B00B85822 /* HNWKeyboardMonitor.h */ = {isa = PBXFileReference; lastKnownFileType = sourcecode.c.h; path = HNWKeyboardMonitor.h; sourceTree = "<group>"; };
		CE779EDE23B7440B00B85822 /* HNWKeyboardMonitor.m */ = {isa = PBXFileReference; lastKnownFileType = sourcecode.c.objc; path = HNWKeyboardMonitor.m; sourceTree = "<group>"; };
/* End PBXFileReference section */

/* Begin PBXFrameworksBuildPhase section */
		CE6BFFC223B2300D0049BDF2 /* Frameworks */ = {
			isa = PBXFrameworksBuildPhase;
			buildActionMask = 2147483647;
			files = (
			);
			runOnlyForDeploymentPostprocessing = 0;
		};
		CE6BFFCB23B2300E0049BDF2 /* Frameworks */ = {
			isa = PBXFrameworksBuildPhase;
			buildActionMask = 2147483647;
			files = (
				CE6BFFCF23B2300E0049BDF2 /* HNWKit.framework in Frameworks */,
			);
			runOnlyForDeploymentPostprocessing = 0;
		};
/* End PBXFrameworksBuildPhase section */

/* Begin PBXGroup section */
		CE644CD123C367D9008BD89F /* Common */ = {
			isa = PBXGroup;
			children = (
				CE6BFFE723B2347A0049BDF2 /* HNWAssertNotEmpty.h */,
				CE6BFFE823B2347A0049BDF2 /* HNWAssertNotEmpty.m */,
				CE1F890423B8BCDF00FC7126 /* HNWDevice.h */,
				CE1F890523B8BCDF00FC7126 /* HNWDevice.m */,
				CE6BFFE323B231820049BDF2 /* HNWKitDefines.h */,
				CE1B90ED23BB5F810005265E /* UIColor+HNWKit.h */,
				CE1B90EE23BB5F810005265E /* UIColor+HNWKit.m */,
				CE1B90F523BB61630005265E /* UIView+HNWKit.h */,
				CE1B90F623BB61630005265E /* UIView+HNWKit.m */,
			);
			path = Common;
			sourceTree = "<group>";
		};
		CE644CD223C368DE008BD89F /* Category */ = {
			isa = PBXGroup;
			children = (
				CE2E42A823B78AA50064025B /* NSData+HNWGZIP.h */,
				CE2E42A923B78AA50064025B /* NSData+HNWGZIP.m */,
				CE1B90E923BB5F290005265E /* NSString+HNWKit.h */,
				CE1B90EA23BB5F290005265E /* NSString+HNWKit.m */,
				CE1B90F123BB608D0005265E /* UIAlertController+HNWKit.h */,
				CE1B90F223BB608D0005265E /* UIAlertController+HNWKit.m */,
				CE67655323C1C7720094793D /* UIImage+HNWKit.h */,
				CE67655423C1C7720094793D /* UIImage+HNWKit.m */,
				CE1B90FD23BB7A320005265E /* UIView+HNWNibLoading.h */,
				CE1B90FE23BB7A320005265E /* UIView+HNWNibLoading.m */,
				CE1B90F923BB75D90005265E /* UIViewController+HNWNibLoading.h */,
				CE1B90FA23BB75D90005265E /* UIViewController+HNWNibLoading.m */,
			);
			path = Category;
			sourceTree = "<group>";
		};
		CE644CD323C369A6008BD89F /* Utility */ = {
			isa = PBXGroup;
			children = (
				CE779ED923B72F3F00B85822 /* HNWAppMonitor.h */,
				CE779EDA23B72F3F00B85822 /* HNWAppMonitor.m */,
				CE2E42B023B792540064025B /* HNWDateManager.h */,
				CE2E42B123B792540064025B /* HNWDateManager.m */,
				CE779EDD23B7440B00B85822 /* HNWKeyboardMonitor.h */,
				CE779EDE23B7440B00B85822 /* HNWKeyboardMonitor.m */,
				CE6DC0A523B38E62006FE9EB /* HNWLayoutConstraintConstructor.h */,
				CE6DC09F23B38E62006FE9EB /* HNWLayoutConstraintConstructor.m */,
				CE028D8523B87EA900EFD1A5 /* HNWPathManager.h */,
				CE028D8623B87EA900EFD1A5 /* HNWPathManager.m */,
				CE028D8923B887E400EFD1A5 /* HNWPhotoManager.h */,
				CE028D8A23B887E400EFD1A5 /* HNWPhotoManager.m */,
				CE70277623B4D46E002CB592 /* HNWWeakTimer.h */,
				CE70277723B4D46E002CB592 /* HNWWeakTimer.m */,
			);
			path = Utility;
			sourceTree = "<group>";
		};
		CE644CD423C36DC8008BD89F /* Modules */ = {
			isa = PBXGroup;
			children = (
				CEBBE63123C376DC00442306 /* HNWGuidePage */,
				CE6DC09B23B38E62006FE9EB /* HNWTabMenuView */,
			);
			path = Modules;
			sourceTree = "<group>";
		};
		CE6BFFBB23B2300D0049BDF2 = {
			isa = PBXGroup;
			children = (
				CE6BFFC723B2300D0049BDF2 /* HNWKit */,
				CE6BFFD223B2300E0049BDF2 /* HNWKitTests */,
				CE6BFFC623B2300D0049BDF2 /* Products */,
			);
			sourceTree = "<group>";
		};
		CE6BFFC623B2300D0049BDF2 /* Products */ = {
			isa = PBXGroup;
			children = (
				CE6BFFC523B2300D0049BDF2 /* HNWKit.framework */,
				CE6BFFCE23B2300E0049BDF2 /* HNWKitTests.xctest */,
			);
			name = Products;
			sourceTree = "<group>";
		};
		CE6BFFC723B2300D0049BDF2 /* HNWKit */ = {
			isa = PBXGroup;
			children = (
				CE6BFFC823B2300D0049BDF2 /* HNWKit.h */,
				CE644CD223C368DE008BD89F /* Category */,
				CE644CD123C367D9008BD89F /* Common */,
				CE644CD423C36DC8008BD89F /* Modules */,
				CE644CD323C369A6008BD89F /* Utility */,
				CE6BFFC923B2300E0049BDF2 /* Info.plist */,
			);
			path = HNWKit;
			sourceTree = "<group>";
		};
		CE6BFFD223B2300E0049BDF2 /* HNWKitTests */ = {
			isa = PBXGroup;
			children = (
				CE6BFFD323B2300E0049BDF2 /* HNWKitTests.m */,
				CE6BFFD523B2300E0049BDF2 /* Info.plist */,
			);
			path = HNWKitTests;
			sourceTree = "<group>";
		};
		CE6DC09B23B38E62006FE9EB /* HNWTabMenuView */ = {
			isa = PBXGroup;
			children = (
				CE6DC09D23B38E62006FE9EB /* HNWTabMenuView.h */,
				CE6DC0A423B38E62006FE9EB /* HNWTabMenuView.m */,
				CE6DC0A123B38E62006FE9EB /* HNWTabMenuViewConfiguration.h */,
				CE6DC0A723B38E62006FE9EB /* HNWTabMenuViewConfiguration.m */,
				CE6DC0A223B38E62006FE9EB /* HNWTabMenuItemBadgeProviders.h */,
				CE6DC09C23B38E62006FE9EB /* HNWTabMenuItemBadgeProviders.m */,
				CE6DC09E23B38E62006FE9EB /* HNWTabMenuViewCollectionViewCell.h */,
				CE6DC0A323B38E62006FE9EB /* HNWTabMenuViewCollectionViewCell.m */,
				CE6DC0A023B38E62006FE9EB /* HNWTabMenuViewItem.h */,
				CE6DC0A623B38E62006FE9EB /* HNWTabMenuViewItem.m */,
			);
			path = HNWTabMenuView;
			sourceTree = "<group>";
		};
		CEBBE63123C376DC00442306 /* HNWGuidePage */ = {
			isa = PBXGroup;
			children = (
				CE67654B23C1BC7F0094793D /* HNWGuidePageBrowser.h */,
				CE67654C23C1BC7F0094793D /* HNWGuidePageBrowser.m */,
				CE67655723C1CE390094793D /* HNWGuidePageViewController.h */,
				CE67655823C1CE390094793D /* HNWGuidePageViewController.m */,
				CE67655923C1CE390094793D /* HNWGuidePageViewController.xib */,
			);
			path = HNWGuidePage;
			sourceTree = "<group>";
		};
/* End PBXGroup section */

/* Begin PBXHeadersBuildPhase section */
		CE6BFFC023B2300D0049BDF2 /* Headers */ = {
			isa = PBXHeadersBuildPhase;
			buildActionMask = 2147483647;
			files = (
				CE1B90EB23BB5F290005265E /* NSString+HNWKit.h in Headers */,
				CE779EDF23B7440B00B85822 /* HNWKeyboardMonitor.h in Headers */,
				CE6DC0AA23B38E62006FE9EB /* HNWTabMenuViewCollectionViewCell.h in Headers */,
				CE6BFFE423B231820049BDF2 /* HNWKitDefines.h in Headers */,
				CE1B90FB23BB75D90005265E /* UIViewController+HNWNibLoading.h in Headers */,
				CE779EDB23B72F3F00B85822 /* HNWAppMonitor.h in Headers */,
				CE67655523C1C7720094793D /* UIImage+HNWKit.h in Headers */,
				CE6DC0A923B38E62006FE9EB /* HNWTabMenuView.h in Headers */,
				CE67655A23C1CE390094793D /* HNWGuidePageViewController.h in Headers */,
				CE1B90F323BB608D0005265E /* UIAlertController+HNWKit.h in Headers */,
				CE67654D23C1BC7F0094793D /* HNWGuidePageBrowser.h in Headers */,
				CE6BFFE923B2347A0049BDF2 /* HNWAssertNotEmpty.h in Headers */,
				CE6DC0AC23B38E62006FE9EB /* HNWTabMenuViewItem.h in Headers */,
				CE70277823B4D46E002CB592 /* HNWWeakTimer.h in Headers */,
				CE1B90F723BB61630005265E /* UIView+HNWKit.h in Headers */,
				CE028D8723B87EA900EFD1A5 /* HNWPathManager.h in Headers */,
				CE6BFFD623B2300E0049BDF2 /* HNWKit.h in Headers */,
				CE1B90EF23BB5F810005265E /* UIColor+HNWKit.h in Headers */,
				CE2E42AA23B78AA50064025B /* NSData+HNWGZIP.h in Headers */,
				CE6DC0B123B38E62006FE9EB /* HNWLayoutConstraintConstructor.h in Headers */,
				CE1F890623B8BCDF00FC7126 /* HNWDevice.h in Headers */,
				CE6DC0AE23B38E62006FE9EB /* HNWTabMenuItemBadgeProviders.h in Headers */,
				CE2E42B223B792540064025B /* HNWDateManager.h in Headers */,
				CE6DC0AD23B38E62006FE9EB /* HNWTabMenuViewConfiguration.h in Headers */,
				CE028D8B23B887E400EFD1A5 /* HNWPhotoManager.h in Headers */,
				CE1B90FF23BB7A320005265E /* UIView+HNWNibLoading.h in Headers */,
			);
			runOnlyForDeploymentPostprocessing = 0;
		};
/* End PBXHeadersBuildPhase section */

/* Begin PBXNativeTarget section */
		CE6BFFC423B2300D0049BDF2 /* HNWKit */ = {
			isa = PBXNativeTarget;
			buildConfigurationList = CE6BFFD923B2300E0049BDF2 /* Build configuration list for PBXNativeTarget "HNWKit" */;
			buildPhases = (
				CE6BFFC023B2300D0049BDF2 /* Headers */,
				CE6BFFC123B2300D0049BDF2 /* Sources */,
				CE6BFFC223B2300D0049BDF2 /* Frameworks */,
				CE6BFFC323B2300D0049BDF2 /* Resources */,
			);
			buildRules = (
			);
			dependencies = (
			);
			name = HNWKit;
			productName = HNWKit;
			productReference = CE6BFFC523B2300D0049BDF2 /* HNWKit.framework */;
			productType = "com.apple.product-type.framework";
		};
		CE6BFFCD23B2300E0049BDF2 /* HNWKitTests */ = {
			isa = PBXNativeTarget;
			buildConfigurationList = CE6BFFDC23B2300E0049BDF2 /* Build configuration list for PBXNativeTarget "HNWKitTests" */;
			buildPhases = (
				CE6BFFCA23B2300E0049BDF2 /* Sources */,
				CE6BFFCB23B2300E0049BDF2 /* Frameworks */,
				CE6BFFCC23B2300E0049BDF2 /* Resources */,
			);
			buildRules = (
			);
			dependencies = (
				CE6BFFD123B2300E0049BDF2 /* PBXTargetDependency */,
			);
			name = HNWKitTests;
			productName = HNWKitTests;
			productReference = CE6BFFCE23B2300E0049BDF2 /* HNWKitTests.xctest */;
			productType = "com.apple.product-type.bundle.unit-test";
		};
/* End PBXNativeTarget section */

/* Begin PBXProject section */
		CE6BFFBC23B2300D0049BDF2 /* Project object */ = {
			isa = PBXProject;
			attributes = {
				LastUpgradeCheck = 1020;
				ORGANIZATIONNAME = Young;
				TargetAttributes = {
					CE6BFFC423B2300D0049BDF2 = {
						CreatedOnToolsVersion = 10.0;
					};
					CE6BFFCD23B2300E0049BDF2 = {
						CreatedOnToolsVersion = 10.0;
					};
				};
			};
			buildConfigurationList = CE6BFFBF23B2300D0049BDF2 /* Build configuration list for PBXProject "HNWKit" */;
			compatibilityVersion = "Xcode 9.3";
			developmentRegion = en;
			hasScannedForEncodings = 0;
			knownRegions = (
				en,
				Base,
			);
			mainGroup = CE6BFFBB23B2300D0049BDF2;
			productRefGroup = CE6BFFC623B2300D0049BDF2 /* Products */;
			projectDirPath = "";
			projectRoot = "";
			targets = (
				CE6BFFC423B2300D0049BDF2 /* HNWKit */,
				CE6BFFCD23B2300E0049BDF2 /* HNWKitTests */,
			);
		};
/* End PBXProject section */

/* Begin PBXResourcesBuildPhase section */
		CE6BFFC323B2300D0049BDF2 /* Resources */ = {
			isa = PBXResourcesBuildPhase;
			buildActionMask = 2147483647;
			files = (
				CE67655C23C1CE390094793D /* HNWGuidePageViewController.xib in Resources */,
			);
			runOnlyForDeploymentPostprocessing = 0;
		};
		CE6BFFCC23B2300E0049BDF2 /* Resources */ = {
			isa = PBXResourcesBuildPhase;
			buildActionMask = 2147483647;
			files = (
			);
			runOnlyForDeploymentPostprocessing = 0;
		};
/* End PBXResourcesBuildPhase section */

/* Begin PBXSourcesBuildPhase section */
		CE6BFFC123B2300D0049BDF2 /* Sources */ = {
			isa = PBXSourcesBuildPhase;
			buildActionMask = 2147483647;
			files = (
				CE1B90EC23BB5F290005265E /* NSString+HNWKit.m in Sources */,
				CE1B90F423BB608D0005265E /* UIAlertController+HNWKit.m in Sources */,
				CE6DC0A823B38E62006FE9EB /* HNWTabMenuItemBadgeProviders.m in Sources */,
				CE70277923B4D46E002CB592 /* HNWWeakTimer.m in Sources */,
				CE6DC0AF23B38E62006FE9EB /* HNWTabMenuViewCollectionViewCell.m in Sources */,
				CE779EDC23B72F3F00B85822 /* HNWAppMonitor.m in Sources */,
				CE67655B23C1CE390094793D /* HNWGuidePageViewController.m in Sources */,
				CE1B90F823BB61630005265E /* UIView+HNWKit.m in Sources */,
				CE779EE023B7440B00B85822 /* HNWKeyboardMonitor.m in Sources */,
				CE1B910023BB7A320005265E /* UIView+HNWNibLoading.m in Sources */,
				CE6DC0B023B38E62006FE9EB /* HNWTabMenuView.m in Sources */,
				CE028D8823B87EA900EFD1A5 /* HNWPathManager.m in Sources */,
				CE6DC0B323B38E62006FE9EB /* HNWTabMenuViewConfiguration.m in Sources */,
				CE1B90F023BB5F810005265E /* UIColor+HNWKit.m in Sources */,
				CE2E42AB23B78AA50064025B /* NSData+HNWGZIP.m in Sources */,
				CE2E42B323B792540064025B /* HNWDateManager.m in Sources */,
				CE67655623C1C7720094793D /* UIImage+HNWKit.m in Sources */,
				CE6DC0AB23B38E62006FE9EB /* HNWLayoutConstraintConstructor.m in Sources */,
				CE67654E23C1BC7F0094793D /* HNWGuidePageBrowser.m in Sources */,
				CE6DC0B223B38E62006FE9EB /* HNWTabMenuViewItem.m in Sources */,
				CE028D8C23B887E400EFD1A5 /* HNWPhotoManager.m in Sources */,
				CE1B90FC23BB75D90005265E /* UIViewController+HNWNibLoading.m in Sources */,
				CE1F890723B8BCDF00FC7126 /* HNWDevice.m in Sources */,
				CE6BFFEA23B2347A0049BDF2 /* HNWAssertNotEmpty.m in Sources */,
			);
			runOnlyForDeploymentPostprocessing = 0;
		};
		CE6BFFCA23B2300E0049BDF2 /* Sources */ = {
			isa = PBXSourcesBuildPhase;
			buildActionMask = 2147483647;
			files = (
				CE6BFFD423B2300E0049BDF2 /* HNWKitTests.m in Sources */,
			);
			runOnlyForDeploymentPostprocessing = 0;
		};
/* End PBXSourcesBuildPhase section */

/* Begin PBXTargetDependency section */
		CE6BFFD123B2300E0049BDF2 /* PBXTargetDependency */ = {
			isa = PBXTargetDependency;
			target = CE6BFFC423B2300D0049BDF2 /* HNWKit */;
			targetProxy = CE6BFFD023B2300E0049BDF2 /* PBXContainerItemProxy */;
		};
/* End PBXTargetDependency section */

/* Begin XCBuildConfiguration section */
		CE6BFFD723B2300E0049BDF2 /* Debug */ = {
			isa = XCBuildConfiguration;
			buildSettings = {
				ALWAYS_SEARCH_USER_PATHS = NO;
				CLANG_ANALYZER_NONNULL = YES;
				CLANG_ANALYZER_NUMBER_OBJECT_CONVERSION = YES_AGGRESSIVE;
				CLANG_CXX_LANGUAGE_STANDARD = "gnu++14";
				CLANG_CXX_LIBRARY = "libc++";
				CLANG_ENABLE_MODULES = YES;
				CLANG_ENABLE_OBJC_ARC = YES;
				CLANG_ENABLE_OBJC_WEAK = YES;
				CLANG_WARN_BLOCK_CAPTURE_AUTORELEASING = YES;
				CLANG_WARN_BOOL_CONVERSION = YES;
				CLANG_WARN_COMMA = YES;
				CLANG_WARN_CONSTANT_CONVERSION = YES;
				CLANG_WARN_DEPRECATED_OBJC_IMPLEMENTATIONS = YES;
				CLANG_WARN_DIRECT_OBJC_ISA_USAGE = YES_ERROR;
				CLANG_WARN_DOCUMENTATION_COMMENTS = YES;
				CLANG_WARN_EMPTY_BODY = YES;
				CLANG_WARN_ENUM_CONVERSION = YES;
				CLANG_WARN_INFINITE_RECURSION = YES;
				CLANG_WARN_INT_CONVERSION = YES;
				CLANG_WARN_NON_LITERAL_NULL_CONVERSION = YES;
				CLANG_WARN_OBJC_IMPLICIT_RETAIN_SELF = YES;
				CLANG_WARN_OBJC_LITERAL_CONVERSION = YES;
				CLANG_WARN_OBJC_ROOT_CLASS = YES_ERROR;
				CLANG_WARN_RANGE_LOOP_ANALYSIS = YES;
				CLANG_WARN_STRICT_PROTOTYPES = YES;
				CLANG_WARN_SUSPICIOUS_MOVE = YES;
				CLANG_WARN_UNGUARDED_AVAILABILITY = YES_AGGRESSIVE;
				CLANG_WARN_UNREACHABLE_CODE = YES;
				CLANG_WARN__DUPLICATE_METHOD_MATCH = YES;
				CODE_SIGN_IDENTITY = "iPhone Developer";
				COPY_PHASE_STRIP = NO;
				CURRENT_PROJECT_VERSION = 1;
				DEBUG_INFORMATION_FORMAT = dwarf;
				ENABLE_STRICT_OBJC_MSGSEND = YES;
				ENABLE_TESTABILITY = YES;
				GCC_C_LANGUAGE_STANDARD = gnu11;
				GCC_DYNAMIC_NO_PIC = NO;
				GCC_NO_COMMON_BLOCKS = YES;
				GCC_OPTIMIZATION_LEVEL = 0;
				GCC_PREPROCESSOR_DEFINITIONS = (
					"DEBUG=1",
					"$(inherited)",
				);
				GCC_WARN_64_TO_32_BIT_CONVERSION = YES;
				GCC_WARN_ABOUT_RETURN_TYPE = YES_ERROR;
				GCC_WARN_UNDECLARED_SELECTOR = YES;
				GCC_WARN_UNINITIALIZED_AUTOS = YES_AGGRESSIVE;
				GCC_WARN_UNUSED_FUNCTION = YES;
				GCC_WARN_UNUSED_VARIABLE = YES;
				IPHONEOS_DEPLOYMENT_TARGET = 8.0;
				MTL_ENABLE_DEBUG_INFO = INCLUDE_SOURCE;
				MTL_FAST_MATH = YES;
				ONLY_ACTIVE_ARCH = YES;
				SDKROOT = iphoneos;
				VERSIONING_SYSTEM = "apple-generic";
				VERSION_INFO_PREFIX = "";
			};
			name = Debug;
		};
		CE6BFFD823B2300E0049BDF2 /* Release */ = {
			isa = XCBuildConfiguration;
			buildSettings = {
				ALWAYS_SEARCH_USER_PATHS = NO;
				CLANG_ANALYZER_NONNULL = YES;
				CLANG_ANALYZER_NUMBER_OBJECT_CONVERSION = YES_AGGRESSIVE;
				CLANG_CXX_LANGUAGE_STANDARD = "gnu++14";
				CLANG_CXX_LIBRARY = "libc++";
				CLANG_ENABLE_MODULES = YES;
				CLANG_ENABLE_OBJC_ARC = YES;
				CLANG_ENABLE_OBJC_WEAK = YES;
				CLANG_WARN_BLOCK_CAPTURE_AUTORELEASING = YES;
				CLANG_WARN_BOOL_CONVERSION = YES;
				CLANG_WARN_COMMA = YES;
				CLANG_WARN_CONSTANT_CONVERSION = YES;
				CLANG_WARN_DEPRECATED_OBJC_IMPLEMENTATIONS = YES;
				CLANG_WARN_DIRECT_OBJC_ISA_USAGE = YES_ERROR;
				CLANG_WARN_DOCUMENTATION_COMMENTS = YES;
				CLANG_WARN_EMPTY_BODY = YES;
				CLANG_WARN_ENUM_CONVERSION = YES;
				CLANG_WARN_INFINITE_RECURSION = YES;
				CLANG_WARN_INT_CONVERSION = YES;
				CLANG_WARN_NON_LITERAL_NULL_CONVERSION = YES;
				CLANG_WARN_OBJC_IMPLICIT_RETAIN_SELF = YES;
				CLANG_WARN_OBJC_LITERAL_CONVERSION = YES;
				CLANG_WARN_OBJC_ROOT_CLASS = YES_ERROR;
				CLANG_WARN_RANGE_LOOP_ANALYSIS = YES;
				CLANG_WARN_STRICT_PROTOTYPES = YES;
				CLANG_WARN_SUSPICIOUS_MOVE = YES;
				CLANG_WARN_UNGUARDED_AVAILABILITY = YES_AGGRESSIVE;
				CLANG_WARN_UNREACHABLE_CODE = YES;
				CLANG_WARN__DUPLICATE_METHOD_MATCH = YES;
				CODE_SIGN_IDENTITY = "iPhone Developer";
				COPY_PHASE_STRIP = NO;
				CURRENT_PROJECT_VERSION = 1;
				DEBUG_INFORMATION_FORMAT = "dwarf-with-dsym";
				ENABLE_NS_ASSERTIONS = NO;
				ENABLE_STRICT_OBJC_MSGSEND = YES;
				GCC_C_LANGUAGE_STANDARD = gnu11;
				GCC_NO_COMMON_BLOCKS = YES;
				GCC_WARN_64_TO_32_BIT_CONVERSION = YES;
				GCC_WARN_ABOUT_RETURN_TYPE = YES_ERROR;
				GCC_WARN_UNDECLARED_SELECTOR = YES;
				GCC_WARN_UNINITIALIZED_AUTOS = YES_AGGRESSIVE;
				GCC_WARN_UNUSED_FUNCTION = YES;
				GCC_WARN_UNUSED_VARIABLE = YES;
				IPHONEOS_DEPLOYMENT_TARGET = 8.0;
				MTL_ENABLE_DEBUG_INFO = NO;
				MTL_FAST_MATH = YES;
				SDKROOT = iphoneos;
				VALIDATE_PRODUCT = YES;
				VERSIONING_SYSTEM = "apple-generic";
				VERSION_INFO_PREFIX = "";
			};
			name = Release;
		};
		CE6BFFDA23B2300E0049BDF2 /* Debug */ = {
			isa = XCBuildConfiguration;
			buildSettings = {
				CODE_SIGN_IDENTITY = "";
				CODE_SIGN_STYLE = Automatic;
				DEFINES_MODULE = YES;
				DEVELOPMENT_TEAM = 397W964N5J;
				DYLIB_COMPATIBILITY_VERSION = 1;
				DYLIB_CURRENT_VERSION = 1;
				DYLIB_INSTALL_NAME_BASE = "@rpath";
				INFOPLIST_FILE = HNWKit/Info.plist;
				INSTALL_PATH = "$(LOCAL_LIBRARY_DIR)/Frameworks";
				IPHONEOS_DEPLOYMENT_TARGET = 8.0;
				LD_NO_PIE = YES;
				LD_RUNPATH_SEARCH_PATHS = (
					"$(inherited)",
					"@executable_path/Frameworks",
					"@loader_path/Frameworks",
				);
				PRODUCT_BUNDLE_IDENTIFIER = com.young.HNWKit;
				PRODUCT_NAME = "$(TARGET_NAME:c99extidentifier)";
				SKIP_INSTALL = YES;
				TARGETED_DEVICE_FAMILY = 1;
			};
			name = Debug;
		};
		CE6BFFDB23B2300E0049BDF2 /* Release */ = {
			isa = XCBuildConfiguration;
			buildSettings = {
				CODE_SIGN_IDENTITY = "";
				CODE_SIGN_STYLE = Automatic;
				DEFINES_MODULE = YES;
				DEVELOPMENT_TEAM = 397W964N5J;
				DYLIB_COMPATIBILITY_VERSION = 1;
				DYLIB_CURRENT_VERSION = 1;
				DYLIB_INSTALL_NAME_BASE = "@rpath";
				ENABLE_NS_ASSERTIONS = NO;
				INFOPLIST_FILE = HNWKit/Info.plist;
				INSTALL_PATH = "$(LOCAL_LIBRARY_DIR)/Frameworks";
				IPHONEOS_DEPLOYMENT_TARGET = 8.0;
				LD_NO_PIE = YES;
				LD_RUNPATH_SEARCH_PATHS = (
					"$(inherited)",
					"@executable_path/Frameworks",
					"@loader_path/Frameworks",
				);
				PRODUCT_BUNDLE_IDENTIFIER = com.young.HNWKit;
				PRODUCT_NAME = "$(TARGET_NAME:c99extidentifier)";
				SKIP_INSTALL = YES;
				TARGETED_DEVICE_FAMILY = 1;
			};
			name = Release;
		};
		CE6BFFDD23B2300E0049BDF2 /* Debug */ = {
			isa = XCBuildConfiguration;
			buildSettings = {
				CODE_SIGN_STYLE = Automatic;
				DEVELOPMENT_TEAM = 397W964N5J;
				INFOPLIST_FILE = HNWKitTests/Info.plist;
				LD_RUNPATH_SEARCH_PATHS = (
					"$(inherited)",
					"@executable_path/Frameworks",
					"@loader_path/Frameworks",
				);
				PRODUCT_BUNDLE_IDENTIFIER = com.young.HNWKitTests;
				PRODUCT_NAME = "$(TARGET_NAME)";
				TARGETED_DEVICE_FAMILY = "1,2";
			};
			name = Debug;
		};
		CE6BFFDE23B2300E0049BDF2 /* Release */ = {
			isa = XCBuildConfiguration;
			buildSettings = {
				CODE_SIGN_STYLE = Automatic;
				DEVELOPMENT_TEAM = 397W964N5J;
				INFOPLIST_FILE = HNWKitTests/Info.plist;
				LD_RUNPATH_SEARCH_PATHS = (
					"$(inherited)",
					"@executable_path/Frameworks",
					"@loader_path/Frameworks",
				);
				PRODUCT_BUNDLE_IDENTIFIER = com.young.HNWKitTests;
				PRODUCT_NAME = "$(TARGET_NAME)";
				TARGETED_DEVICE_FAMILY = "1,2";
			};
			name = Release;
		};
/* End XCBuildConfiguration section */

/* Begin XCConfigurationList section */
		CE6BFFBF23B2300D0049BDF2 /* Build configuration list for PBXProject "HNWKit" */ = {
			isa = XCConfigurationList;
			buildConfigurations = (
				CE6BFFD723B2300E0049BDF2 /* Debug */,
				CE6BFFD823B2300E0049BDF2 /* Release */,
			);
			defaultConfigurationIsVisible = 0;
			defaultConfigurationName = Release;
		};
		CE6BFFD923B2300E0049BDF2 /* Build configuration list for PBXNativeTarget "HNWKit" */ = {
			isa = XCConfigurationList;
			buildConfigurations = (
				CE6BFFDA23B2300E0049BDF2 /* Debug */,
				CE6BFFDB23B2300E0049BDF2 /* Release */,
			);
			defaultConfigurationIsVisible = 0;
			defaultConfigurationName = Release;
		};
		CE6BFFDC23B2300E0049BDF2 /* Build configuration list for PBXNativeTarget "HNWKitTests" */ = {
			isa = XCConfigurationList;
			buildConfigurations = (
				CE6BFFDD23B2300E0049BDF2 /* Debug */,
				CE6BFFDE23B2300E0049BDF2 /* Release */,
			);
			defaultConfigurationIsVisible = 0;
			defaultConfigurationName = Release;
		};
/* End XCConfigurationList section */
	};
	rootObject = CE6BFFBC23B2300D0049BDF2 /* Project object */;
}
